
Microsoft Visual Studio Solution File, Format Version 12.00
# Visual Studio Version 16
VisualStudioVersion = 16.0.29806.167
MinimumVisualStudioVersion = 10.0.40219.1
Project("{FAE04EC0-301F-11D3-BF4B-00C04F79EFBC}") = "HomeWork1", "HomeWork1\HomeWork1.csproj", "{3F5699A9-A4F6-4BAD-81EA-965F0E28A562}"
EndProject
Global
	GlobalSection(SolutionConfigurationPlatforms) = preSolution
		Debug|Any CPU = Debug|Any CPU
		Release|Any CPU = Release|Any CPU
	EndGlobalSection
	GlobalSection(ProjectConfigurationPlatforms) = postSolution
		{3F5699A9-A4F6-4BAD-81EA-965F0E28A562}.Debug|Any CPU.ActiveCfg = Debug|Any CPU
		{3F5699A9-A4F6-4BAD-81EA-965F0E28A562}.Debug|Any CPU.Build.0 = Debug|Any CPU
		{3F5699A9-A4F6-4BAD-81EA-965F0E28A562}.Release|Any CPU.ActiveCfg = Release|Any CPU
		{3F5699A9-A4F6-4BAD-81EA-965F0E28A562}.Release|Any CPU.Build.0 = Release|Any CPU
	EndGlobalSection
	GlobalSection(SolutionProperties) = preSolution
		HideSolutionNode = FALSE
	EndGlobalSection
	GlobalSection(ExtensibilityGlobals) = postSolution
		SolutionGuid = {2E60D61E-016A-41A3-9A1C-158B37694E12}
	EndGlobalSection
EndGlobal
